
Microsoft Visual Studio Solution File, Format Version 12.00
# Visual Studio Version 16
VisualStudioVersion = 16.0.30204.135
MinimumVisualStudioVersion = 10.0.40219.1
Project("{8BC9CEB8-8B4A-11D0-8D11-00A0C91BC942}") = "libRgb2Hires", "projects\libRgb2Hires\libRgb2Hires.vcxproj", "{CA6F93C8-86B1-4F88-A1E8-8613ED5802AB}"
EndProject
Project("{8BC9CEB8-8B4A-11D0-8D11-00A0C91BC942}") = "Picture", "projects\picture\Picture.vcxproj", "{754364B2-84E3-40A5-B838-C153775D8F4C}"
EndProject
Global
	GlobalSection(SolutionConfigurationPlatforms) = preSolution
		Debug|x64 = Debug|x64
		Debug|x86 = Debug|x86
		Release|x64 = Release|x64
		Release|x86 = Release|x86
	EndGlobalSection
	GlobalSection(ProjectConfigurationPlatforms) = postSolution
		{CA6F93C8-86B1-4F88-A1E8-8613ED5802AB}.Debug|x64.ActiveCfg = Debug|x64
		{CA6F93C8-86B1-4F88-A1E8-8613ED5802AB}.Debug|x64.Build.0 = Debug|x64
		{CA6F93C8-86B1-4F88-A1E8-8613ED5802AB}.Debug|x86.ActiveCfg = Debug|Win32
		{CA6F93C8-86B1-4F88-A1E8-8613ED5802AB}.Debug|x86.Build.0 = Debug|Win32
		{CA6F93C8-86B1-4F88-A1E8-8613ED5802AB}.Release|x64.ActiveCfg = Release|x64
		{CA6F93C8-86B1-4F88-A1E8-8613ED5802AB}.Release|x64.Build.0 = Release|x64
		{CA6F93C8-86B1-4F88-A1E8-8613ED5802AB}.Release|x86.ActiveCfg = Release|Win32
		{CA6F93C8-86B1-4F88-A1E8-8613ED5802AB}.Release|x86.Build.0 = Release|Win32
		{754364B2-84E3-40A5-B838-C153775D8F4C}.Debug|x64.ActiveCfg = Debug|x64
		{754364B2-84E3-40A5-B838-C153775D8F4C}.Debug|x64.Build.0 = Debug|x64
		{754364B2-84E3-40A5-B838-C153775D8F4C}.Debug|x86.ActiveCfg = Debug|Win32
		{754364B2-84E3-40A5-B838-C153775D8F4C}.Debug|x86.Build.0 = Debug|Win32
		{754364B2-84E3-40A5-B838-C153775D8F4C}.Release|x64.ActiveCfg = Release|x64
		{754364B2-84E3-40A5-B838-C153775D8F4C}.Release|x64.Build.0 = Release|x64
		{754364B2-84E3-40A5-B838-C153775D8F4C}.Release|x86.ActiveCfg = Release|Win32
		{754364B2-84E3-40A5-B838-C153775D8F4C}.Release|x86.Build.0 = Release|Win32
	EndGlobalSection
	GlobalSection(SolutionProperties) = preSolution
		HideSolutionNode = FALSE
	EndGlobalSection
	GlobalSection(ExtensibilityGlobals) = postSolution
		SolutionGuid = {EE267891-D9B2-4FE4-B329-44CB520456DE}
	EndGlobalSection
EndGlobal
